
Microsoft Visual Studio Solution File, Format Version 12.00
# Visual Studio Version 16
VisualStudioVersion = 16.0.31424.327
MinimumVisualStudioVersion = 10.0.40219.1
Project("{FAE04EC0-301F-11D3-BF4B-00C04F79EFBC}") = "MagdyClinic", "MagdyClinic.csproj", "{FDB9E476-F5D5-40D6-82B5-6699A93F182B}"
EndProject
Global
	GlobalSection(SolutionConfigurationPlatforms) = preSolution
		Debug|Any CPU = Debug|Any CPU
		Release|Any CPU = Release|Any CPU
	EndGlobalSection
	GlobalSection(ProjectConfigurationPlatforms) = postSolution
		{FDB9E476-F5D5-40D6-82B5-6699A93F182B}.Debug|Any CPU.ActiveCfg = Debug|Any CPU
		{FDB9E476-F5D5-40D6-82B5-6699A93F182B}.Debug|Any CPU.Build.0 = Debug|Any CPU
		{FDB9E476-F5D5-40D6-82B5-6699A93F182B}.Release|Any CPU.ActiveCfg = Release|Any CPU
		{FDB9E476-F5D5-40D6-82B5-6699A93F182B}.Release|Any CPU.Build.0 = Release|Any CPU
	EndGlobalSection
	GlobalSection(SolutionProperties) = preSolution
		HideSolutionNode = FALSE
	EndGlobalSection
	GlobalSection(ExtensibilityGlobals) = postSolution
		SolutionGuid = {BEE2A426-88E5-4186-AED4-91221B21338D}
	EndGlobalSection
EndGlobal
